
Microsoft Visual Studio Solution File, Format Version 12.00
# Visual Studio Version 16
VisualStudioVersion = 16.0.29613.14
MinimumVisualStudioVersion = 10.0.40219.1
Project("{FAE04EC0-301F-11D3-BF4B-00C04F79EFBC}") = "MovableBridges.UWP", "MovableBridges.UWP\MovableBridges.UWP.csproj", "{33EBAC80-9820-4CF6-96F9-4419C859EC25}"
EndProject
Project("{FAE04EC0-301F-11D3-BF4B-00C04F79EFBC}") = "MovableBridges.Android", "MovableBridges.Android\MovableBridges.Android.csproj", "{DCD120A5-6063-47E4-9E66-4EE9003EC62E}"
EndProject
Project("{FAE04EC0-301F-11D3-BF4B-00C04F79EFBC}") = "MovableBridges.iOS", "MovableBridges.iOS\MovableBridges.iOS.csproj", "{F6D5FC3F-2B7D-4F2B-9FED-AF0C0AB791D6}"
EndProject
Project("{9A19103F-16F7-4668-BE54-9A1E7A4F7556}") = "MovableBridges", "MovableBridges\MovableBridges.csproj", "{1FDADA33-93A2-4AAA-842E-F6ED687EB746}"
EndProject
Global
	GlobalSection(SolutionConfigurationPlatforms) = preSolution
		Debug|Any CPU = Debug|Any CPU
		Debug|ARM = Debug|ARM
		Debug|iPhone = Debug|iPhone
		Debug|iPhoneSimulator = Debug|iPhoneSimulator
		Debug|x64 = Debug|x64
		Debug|x86 = Debug|x86
		Release|Any CPU = Release|Any CPU
		Release|ARM = Release|ARM
		Release|iPhone = Release|iPhone
		Release|iPhoneSimulator = Release|iPhoneSimulator
		Release|x64 = Release|x64
		Release|x86 = Release|x86
	EndGlobalSection
	GlobalSection(ProjectConfigurationPlatforms) = postSolution
		{33EBAC80-9820-4CF6-96F9-4419C859EC25}.Debug|Any CPU.ActiveCfg = Debug|x86
		{33EBAC80-9820-4CF6-96F9-4419C859EC25}.Debug|Any CPU.Build.0 = Debug|x86
		{33EBAC80-9820-4CF6-96F9-4419C859EC25}.Debug|Any CPU.Deploy.0 = Debug|x86
		{33EBAC80-9820-4CF6-96F9-4419C859EC25}.Debug|ARM.ActiveCfg = Debug|ARM
		{33EBAC80-9820-4CF6-96F9-4419C859EC25}.Debug|ARM.Build.0 = Debug|ARM
		{33EBAC80-9820-4CF6-96F9-4419C859EC25}.Debug|ARM.Deploy.0 = Debug|ARM
		{33EBAC80-9820-4CF6-96F9-4419C859EC25}.Debug|iPhone.ActiveCfg = Debug|x86
		{33EBAC80-9820-4CF6-96F9-4419C859EC25}.Debug|iPhone.Build.0 = Debug|x86
		{33EBAC80-9820-4CF6-96F9-4419C859EC25}.Debug|iPhone.Deploy.0 = Debug|x86
		{33EBAC80-9820-4CF6-96F9-4419C859EC25}.Debug|iPhoneSimulator.ActiveCfg = Debug|x86
		{33EBAC80-9820-4CF6-96F9-4419C859EC25}.Debug|iPhoneSimulator.Build.0 = Debug|x86
		{33EBAC80-9820-4CF6-96F9-4419C859EC25}.Debug|iPhoneSimulator.Deploy.0 = Debug|x86
		{33EBAC80-9820-4CF6-96F9-4419C859EC25}.Debug|x64.ActiveCfg = Debug|x64
		{33EBAC80-9820-4CF6-96F9-4419C859EC25}.Debug|x64.Build.0 = Debug|x64
		{33EBAC80-9820-4CF6-96F9-4419C859EC25}.Debug|x64.Deploy.0 = Debug|x64
		{33EBAC80-9820-4CF6-96F9-4419C859EC25}.Debug|x86.ActiveCfg = Debug|x86
		{33EBAC80-9820-4CF6-96F9-4419C859EC25}.Debug|x86.Build.0 = Debug|x86
		{33EBAC80-9820-4CF6-96F9-4419C859EC25}.Debug|x86.Deploy.0 = Debug|x86
		{33EBAC80-9820-4CF6-96F9-4419C859EC25}.Release|Any CPU.ActiveCfg = Release|x86
		{33EBAC80-9820-4CF6-96F9-4419C859EC25}.Release|Any CPU.Build.0 = Release|x86
		{33EBAC80-9820-4CF6-96F9-4419C859EC25}.Release|Any CPU.Deploy.0 = Release|x86
		{33EBAC80-9820-4CF6-96F9-4419C859EC25}.Release|ARM.ActiveCfg = Release|ARM
		{33EBAC80-9820-4CF6-96F9-4419C859EC25}.Release|ARM.Build.0 = Release|ARM
		{33EBAC80-9820-4CF6-96F9-4419C859EC25}.Release|ARM.Deploy.0 = Release|ARM
		{33EBAC80-9820-4CF6-96F9-4419C859EC25}.Release|iPhone.ActiveCfg = Release|x86
		{33EBAC80-9820-4CF6-96F9-4419C859EC25}.Release|iPhone.Build.0 = Release|x86
		{33EBAC80-9820-4CF6-96F9-4419C859EC25}.Release|iPhone.Deploy.0 = Release|x86
		{33EBAC80-9820-4CF6-96F9-4419C859EC25}.Release|iPhoneSimulator.ActiveCfg = Release|x86
		{33EBAC80-9820-4CF6-96F9-4419C859EC25}.Release|iPhoneSimulator.Build.0 = Release|x86
		{33EBAC80-9820-4CF6-96F9-4419C859EC25}.Release|iPhoneSimulator.Deploy.0 = Release|x86
		{33EBAC80-9820-4CF6-96F9-4419C859EC25}.Release|x64.ActiveCfg = Release|x64
		{33EBAC80-9820-4CF6-96F9-4419C859EC25}.Release|x64.Build.0 = Release|x64
		{33EBAC80-9820-4CF6-96F9-4419C859EC25}.Release|x64.Deploy.0 = Release|x64
		{33EBAC80-9820-4CF6-96F9-4419C859EC25}.Release|x86.ActiveCfg = Release|x86
		{33EBAC80-9820-4CF6-96F9-4419C859EC25}.Release|x86.Build.0 = Release|x86
		{33EBAC80-9820-4CF6-96F9-4419C859EC25}.Release|x86.Deploy.0 = Release|x86
		{DCD120A5-6063-47E4-9E66-4EE9003EC62E}.Debug|Any CPU.ActiveCfg = Debug|Any CPU
		{DCD120A5-6063-47E4-9E66-4EE9003EC62E}.Debug|Any CPU.Build.0 = Debug|Any CPU
		{DCD120A5-6063-47E4-9E66-4EE9003EC62E}.Debug|Any CPU.Deploy.0 = Debug|Any CPU
		{DCD120A5-6063-47E4-9E66-4EE9003EC62E}.Debug|ARM.ActiveCfg = Debug|Any CPU
		{DCD120A5-6063-47E4-9E66-4EE9003EC62E}.Debug|ARM.Build.0 = Debug|Any CPU
		{DCD120A5-6063-47E4-9E66-4EE9003EC62E}.Debug|ARM.Deploy.0 = Debug|Any CPU
		{DCD120A5-6063-47E4-9E66-4EE9003EC62E}.Debug|iPhone.ActiveCfg = Debug|Any CPU
		{DCD120A5-6063-47E4-9E66-4EE9003EC62E}.Debug|iPhone.Build.0 = Debug|Any CPU
		{DCD120A5-6063-47E4-9E66-4EE9003EC62E}.Debug|iPhone.Deploy.0 = Debug|Any CPU
		{DCD120A5-6063-47E4-9E66-4EE9003EC62E}.Debug|iPhoneSimulator.ActiveCfg = Debug|Any CPU
		{DCD120A5-6063-47E4-9E66-4EE9003EC62E}.Debug|iPhoneSimulator.Build.0 = Debug|Any CPU
		{DCD120A5-6063-47E4-9E66-4EE9003EC62E}.Debug|iPhoneSimulator.Deploy.0 = Debug|Any CPU
		{DCD120A5-6063-47E4-9E66-4EE9003EC62E}.Debug|x64.ActiveCfg = Debug|Any CPU
		{DCD120A5-6063-47E4-9E66-4EE9003EC62E}.Debug|x64.Build.0 = Debug|Any CPU
		{DCD120A5-6063-47E4-9E66-4EE9003EC62E}.Debug|x64.Deploy.0 = Debug|Any CPU
		{DCD120A5-6063-47E4-9E66-4EE9003EC62E}.Debug|x86.ActiveCfg = Debug|Any CPU
		{DCD120A5-6063-47E4-9E66-4EE9003EC62E}.Debug|x86.Build.0 = Debug|Any CPU
		{DCD120A5-6063-47E4-9E66-4EE9003EC62E}.Debug|x86.Deploy.0 = Debug|Any CPU
		{DCD120A5-6063-47E4-9E66-4EE9003EC62E}.Release|Any CPU.ActiveCfg = Release|Any CPU
		{DCD120A5-6063-47E4-9E66-4EE9003EC62E}.Release|Any CPU.Build.0 = Release|Any CPU
		{DCD120A5-6063-47E4-9E66-4EE9003EC62E}.Release|Any CPU.Deploy.0 = Release|Any CPU
		{DCD120A5-6063-47E4-9E66-4EE9003EC62E}.Release|ARM.ActiveCfg = Release|Any CPU
		{DCD120A5-6063-47E4-9E66-4EE9003EC62E}.Release|ARM.Build.0 = Release|Any CPU
		{DCD120A5-6063-47E4-9E66-4EE9003EC62E}.Release|ARM.Deploy.0 = Release|Any CPU
		{DCD120A5-6063-47E4-9E66-4EE9003EC62E}.Release|iPhone.ActiveCfg = Release|Any CPU
		{DCD120A5-6063-47E4-9E66-4EE9003EC62E}.Release|iPhone.Build.0 = Release|Any CPU
		{DCD120A5-6063-47E4-9E66-4EE9003EC62E}.Release|iPhone.Deploy.0 = Release|Any CPU
		{DCD120A5-6063-47E4-9E66-4EE9003EC62E}.Release|iPhoneSimulator.ActiveCfg = Release|Any CPU
		{DCD120A5-6063-47E4-9E66-4EE9003EC62E}.Release|iPhoneSimulator.Build.0 = Release|Any CPU
		{DCD120A5-6063-47E4-9E66-4EE9003EC62E}.Release|iPhoneSimulator.Deploy.0 = Release|Any CPU
		{DCD120A5-6063-47E4-9E66-4EE9003EC62E}.Release|x64.ActiveCfg = Release|Any CPU
		{DCD120A5-6063-47E4-9E66-4EE9003EC62E}.Release|x64.Build.0 = Release|Any CPU
		{DCD120A5-6063-47E4-9E66-4EE9003EC62E}.Release|x64.Deploy.0 = Release|Any CPU
		{DCD120A5-6063-47E4-9E66-4EE9003EC62E}.Release|x86.ActiveCfg = Release|Any CPU
		{DCD120A5-6063-47E4-9E66-4EE9003EC62E}.Release|x86.Build.0 = Release|Any CPU
		{DCD120A5-6063-47E4-9E66-4EE9003EC62E}.Release|x86.Deploy.0 = Release|Any CPU
		{F6D5FC3F-2B7D-4F2B-9FED-AF0C0AB791D6}.Debug|Any CPU.ActiveCfg = Debug|iPhone
		{F6D5FC3F-2B7D-4F2B-9FED-AF0C0AB791D6}.Debug|Any CPU.Build.0 = Debug|iPhone
		{F6D5FC3F-2B7D-4F2B-9FED-AF0C0AB791D6}.Debug|Any CPU.Deploy.0 = Debug|iPhone
		{F6D5FC3F-2B7D-4F2B-9FED-AF0C0AB791D6}.Debug|ARM.ActiveCfg = Debug|iPhoneSimulator
		{F6D5FC3F-2B7D-4F2B-9FED-AF0C0AB791D6}.Debug|ARM.Build.0 = Debug|iPhoneSimulator
		{F6D5FC3F-2B7D-4F2B-9FED-AF0C0AB791D6}.Debug|ARM.Deploy.0 = Debug|iPhoneSimulator
		{F6D5FC3F-2B7D-4F2B-9FED-AF0C0AB791D6}.Debug|iPhone.ActiveCfg = Debug|iPhone
		{F6D5FC3F-2B7D-4F2B-9FED-AF0C0AB791D6}.Debug|iPhone.Build.0 = Debug|iPhone
		{F6D5FC3F-2B7D-4F2B-9FED-AF0C0AB791D6}.Debug|iPhone.Deploy.0 = Debug|iPhone
		{F6D5FC3F-2B7D-4F2B-9FED-AF0C0AB791D6}.Debug|iPhoneSimulator.ActiveCfg = Debug|iPhoneSimulator
		{F6D5FC3F-2B7D-4F2B-9FED-AF0C0AB791D6}.Debug|iPhoneSimulator.Build.0 = Debug|iPhoneSimulator
		{F6D5FC3F-2B7D-4F2B-9FED-AF0C0AB791D6}.Debug|iPhoneSimulator.Deploy.0 = Debug|iPhoneSimulator
		{F6D5FC3F-2B7D-4F2B-9FED-AF0C0AB791D6}.Debug|x64.ActiveCfg = Debug|iPhone
		{F6D5FC3F-2B7D-4F2B-9FED-AF0C0AB791D6}.Debug|x64.Build.0 = Debug|iPhone
		{F6D5FC3F-2B7D-4F2B-9FED-AF0C0AB791D6}.Debug|x64.Deploy.0 = Debug|iPhone
		{F6D5FC3F-2B7D-4F2B-9FED-AF0C0AB791D6}.Debug|x86.ActiveCfg = Debug|iPhone
		{F6D5FC3F-2B7D-4F2B-9FED-AF0C0AB791D6}.Debug|x86.Build.0 = Debug|iPhone
		{F6D5FC3F-2B7D-4F2B-9FED-AF0C0AB791D6}.Debug|x86.Deploy.0 = Debug|iPhone
		{F6D5FC3F-2B7D-4F2B-9FED-AF0C0AB791D6}.Release|Any CPU.ActiveCfg = Release|iPhone
		{F6D5FC3F-2B7D-4F2B-9FED-AF0C0AB791D6}.Release|Any CPU.Build.0 = Release|iPhone
		{F6D5FC3F-2B7D-4F2B-9FED-AF0C0AB791D6}.Release|Any CPU.Deploy.0 = Release|iPhone
		{F6D5FC3F-2B7D-4F2B-9FED-AF0C0AB791D6}.Release|ARM.ActiveCfg = Release|iPhone
		{F6D5FC3F-2B7D-4F2B-9FED-AF0C0AB791D6}.Release|ARM.Build.0 = Release|iPhone
		{F6D5FC3F-2B7D-4F2B-9FED-AF0C0AB791D6}.Release|ARM.Deploy.0 = Release|iPhone
		{F6D5FC3F-2B7D-4F2B-9FED-AF0C0AB791D6}.Release|iPhone.ActiveCfg = Release|iPhone
		{F6D5FC3F-2B7D-4F2B-9FED-AF0C0AB791D6}.Release|iPhone.Build.0 = Release|iPhone
		{F6D5FC3F-2B7D-4F2B-9FED-AF0C0AB791D6}.Release|iPhone.Deploy.0 = Release|iPhone
		{F6D5FC3F-2B7D-4F2B-9FED-AF0C0AB791D6}.Release|iPhoneSimulator.ActiveCfg = Release|iPhoneSimulator
		{F6D5FC3F-2B7D-4F2B-9FED-AF0C0AB791D6}.Release|iPhoneSimulator.Build.0 = Release|iPhoneSimulator
		{F6D5FC3F-2B7D-4F2B-9FED-AF0C0AB791D6}.Release|iPhoneSimulator.Deploy.0 = Release|iPhoneSimulator
		{F6D5FC3F-2B7D-4F2B-9FED-AF0C0AB791D6}.Release|x64.ActiveCfg = Release|iPhone
		{F6D5FC3F-2B7D-4F2B-9FED-AF0C0AB791D6}.Release|x64.Build.0 = Release|iPhone
		{F6D5FC3F-2B7D-4F2B-9FED-AF0C0AB791D6}.Release|x64.Deploy.0 = Release|iPhone
		{F6D5FC3F-2B7D-4F2B-9FED-AF0C0AB791D6}.Release|x86.ActiveCfg = Release|iPhone
		{F6D5FC3F-2B7D-4F2B-9FED-AF0C0AB791D6}.Release|x86.Build.0 = Release|iPhone
		{F6D5FC3F-2B7D-4F2B-9FED-AF0C0AB791D6}.Release|x86.Deploy.0 = Release|iPhone
		{1FDADA33-93A2-4AAA-842E-F6ED687EB746}.Debug|Any CPU.ActiveCfg = Debug|Any CPU
		{1FDADA33-93A2-4AAA-842E-F6ED687EB746}.Debug|Any CPU.Build.0 = Debug|Any CPU
		{1FDADA33-93A2-4AAA-842E-F6ED687EB746}.Debug|Any CPU.Deploy.0 = Debug|Any CPU
		{1FDADA33-93A2-4AAA-842E-F6ED687EB746}.Debug|ARM.ActiveCfg = Debug|Any CPU
		{1FDADA33-93A2-4AAA-842E-F6ED687EB746}.Debug|ARM.Build.0 = Debug|Any CPU
		{1FDADA33-93A2-4AAA-842E-F6ED687EB746}.Debug|ARM.Deploy.0 = Debug|Any CPU
		{1FDADA33-93A2-4AAA-842E-F6ED687EB746}.Debug|iPhone.ActiveCfg = Debug|Any CPU
		{1FDADA33-93A2-4AAA-842E-F6ED687EB746}.Debug|iPhone.Build.0 = Debug|Any CPU
		{1FDADA33-93A2-4AAA-842E-F6ED687EB746}.Debug|iPhone.Deploy.0 = Debug|Any CPU
		{1FDADA33-93A2-4AAA-842E-F6ED687EB746}.Debug|iPhoneSimulator.ActiveCfg = Debug|Any CPU
		{1FDADA33-93A2-4AAA-842E-F6ED687EB746}.Debug|iPhoneSimulator.Build.0 = Debug|Any CPU
		{1FDADA33-93A2-4AAA-842E-F6ED687EB746}.Debug|iPhoneSimulator.Deploy.0 = Debug|Any CPU
		{1FDADA33-93A2-4AAA-842E-F6ED687EB746}.Debug|x64.ActiveCfg = Debug|Any CPU
		{1FDADA33-93A2-4AAA-842E-F6ED687EB746}.Debug|x64.Build.0 = Debug|Any CPU
		{1FDADA33-93A2-4AAA-842E-F6ED687EB746}.Debug|x64.Deploy.0 = Debug|Any CPU
		{1FDADA33-93A2-4AAA-842E-F6ED687EB746}.Debug|x86.ActiveCfg = Debug|Any CPU
		{1FDADA33-93A2-4AAA-842E-F6ED687EB746}.Debug|x86.Build.0 = Debug|Any CPU
		{1FDADA33-93A2-4AAA-842E-F6ED687EB746}.Debug|x86.Deploy.0 = Debug|Any CPU
		{1FDADA33-93A2-4AAA-842E-F6ED687EB746}.Release|Any CPU.ActiveCfg = Release|Any CPU
		{1FDADA33-93A2-4AAA-842E-F6ED687EB746}.Release|Any CPU.Build.0 = Release|Any CPU
		{1FDADA33-93A2-4AAA-842E-F6ED687EB746}.Release|Any CPU.Deploy.0 = Release|Any CPU
		{1FDADA33-93A2-4AAA-842E-F6ED687EB746}.Release|ARM.ActiveCfg = Release|Any CPU
		{1FDADA33-93A2-4AAA-842E-F6ED687EB746}.Release|ARM.Build.0 = Release|Any CPU
		{1FDADA33-93A2-4AAA-842E-F6ED687EB746}.Release|ARM.Deploy.0 = Release|Any CPU
		{1FDADA33-93A2-4AAA-842E-F6ED687EB746}.Release|iPhone.ActiveCfg = Release|Any CPU
		{1FDADA33-93A2-4AAA-842E-F6ED687EB746}.Release|iPhone.Build.0 = Release|Any CPU
		{1FDADA33-93A2-4AAA-842E-F6ED687EB746}.Release|iPhone.Deploy.0 = Release|Any CPU
		{1FDADA33-93A2-4AAA-842E-F6ED687EB746}.Release|iPhoneSimulator.ActiveCfg = Release|Any CPU
		{1FDADA33-93A2-4AAA-842E-F6ED687EB746}.Release|iPhoneSimulator.Build.0 = Release|Any CPU
		{1FDADA33-93A2-4AAA-842E-F6ED687EB746}.Release|iPhoneSimulator.Deploy.0 = Release|Any CPU
		{1FDADA33-93A2-4AAA-842E-F6ED687EB746}.Release|x64.ActiveCfg = Release|Any CPU
		{1FDADA33-93A2-4AAA-842E-F6ED687EB746}.Release|x64.Build.0 = Release|Any CPU
		{1FDADA33-93A2-4AAA-842E-F6ED687EB746}.Release|x64.Deploy.0 = Release|Any CPU
		{1FDADA33-93A2-4AAA-842E-F6ED687EB746}.Release|x86.ActiveCfg = Release|Any CPU
		{1FDADA33-93A2-4AAA-842E-F6ED687EB746}.Release|x86.Build.0 = Release|Any CPU
		{1FDADA33-93A2-4AAA-842E-F6ED687EB746}.Release|x86.Deploy.0 = Release|Any CPU
	EndGlobalSection
	GlobalSection(SolutionProperties) = preSolution
		HideSolutionNode = FALSE
	EndGlobalSection
	GlobalSection(ExtensibilityGlobals) = postSolution
		SolutionGuid = {6F8B7892-D457-4F0F-8D91-CC31843F0E11}
	EndGlobalSection
EndGlobal
